<?xml version="1.0" encoding="utf-8"?>
<Project ToolsVersion="4.0" xmlns="http://schemas.microsoft.com/developer/msbuild/2003">
  <ItemGroup>
    <Filter Include="Source Files">
      <UniqueIdentifier>{4FC737F1-C7A5-4376-A066-2A32D752A2FF}</UniqueIdentifier>
      <Extensions>cpp;c;cc;cxx;c++;def;odl;idl;hpj;bat;asm;asmx</Extensions>
    </Filter>
    <Filter Include="Header Files">
      <UniqueIdentifier>{93995380-89BD-4b04-88EB-625FBE52EBFB}</UniqueIdentifier>
      <Extensions>h;hh;hpp;hxx;h++;hm;inl;inc;ipp;xsd</Extensions>
    </Filter>
    <Filter Include="Resource Files">
      <UniqueIdentifier>{67DA6AB6-F800-4c08-8B7A-83BB121AAD01}</UniqueIdentifier>
      <Extensions>rc;ico;cur;bmp;dlg;rc2;rct;bin;rgs;gif;jpg;jpeg;jpe;resx;tiff;tif;png;wav;mfcribbon-ms</Extensions>
    </Filter>
    <Filter Include="Include Files">
      <UniqueIdentifier>{1a15371c-de19-4a5e-b282-4c9342d80cdd}</UniqueIdentifier>
    </Filter>
  </ItemGroup>
  <ItemGroup>
    <ClCompile Include="main.cpp">
      <Filter>Source Files</Filter>
    </ClCompile>
    <ClCompile Include="hook.cpp">
      <Filter>Source Files</Filter>
    </ClCompile>
    <ClCompile Include="F4VRBody.cpp">
      <Filter>Source Files</Filter>
    </ClCompile>
    <ClCompile Include="Skeleton.cpp">
      <Filter>Source Files</Filter>
    </ClCompile>
    <ClCompile Include="utils.cpp">
      <Filter>Source Files</Filter>
    </ClCompile>
    <ClCompile Include="matrix.cpp">
      <Filter>Source Files</Filter>
    </ClCompile>
    <ClCompile Include="Quaternion.cpp">
      <Filter>Source Files</Filter>
    </ClCompile>
    <ClCompile Include="MenuChecker.cpp">
      <Filter>Source Files</Filter>
    </ClCompile>
    <ClCompile Include="SmoothMovement.cpp">
      <Filter>Source Files</Filter>
    </ClCompile>
    <ClCompile Include="HandPose.cpp">
      <Filter>Source Files</Filter>
    </ClCompile>
    <ClCompile Include="patches.cpp">
      <Filter>Source Files</Filter>
    </ClCompile>
    <ClCompile Include="BSFlattenedBoneTree.cpp">
      <Filter>Source Files</Filter>
    </ClCompile>
    <ClCompile Include="Menu.cpp">
      <Filter>Source Files</Filter>
    </ClCompile>
    <ClCompile Include="VR.cpp">
      <Filter>Source Files</Filter>
    </ClCompile>
    <ClCompile Include="GunReload.cpp">
      <Filter>Source Files</Filter>
    </ClCompile>
    <ClCompile Include="Offsets.cpp">
      <Filter>Source Files</Filter>
    </ClCompile>
    <ClCompile Include="MiscStructs.cpp">
      <Filter>Source Files</Filter>
    </ClCompile>
    <ClCompile Include="Pipboy.cpp">
      <Filter>Source Files</Filter>
    </ClCompile>
    <ClCompile Include="Config.cpp">
      <Filter>Source Files</Filter>
    </ClCompile>
    <ClCompile Include="ConfigurationMode.cpp">
      <Filter>Source Files</Filter>
    </ClCompile>
    <ClCompile Include="Debug.cpp">
      <Filter>Source Files</Filter>
    </ClCompile>
    <ClCompile Include="CullGeometryHandler.cpp">
      <Filter>Source Files</Filter>
    </ClCompile>
  </ItemGroup>
  <ItemGroup>
    <ClInclude Include="hook.h">
      <Filter>Header Files</Filter>
    </ClInclude>
    <ClInclude Include="F4VRBody.h">
      <Filter>Header Files</Filter>
    </ClInclude>
    <ClInclude Include="Skeleton.h">
      <Filter>Header Files</Filter>
    </ClInclude>
    <ClInclude Include="utils.h">
      <Filter>Header Files</Filter>
    </ClInclude>
    <ClInclude Include="matrix.h">
      <Filter>Header Files</Filter>
    </ClInclude>
    <ClInclude Include="Quaternion.h">
      <Filter>Header Files</Filter>
    </ClInclude>
    <ClInclude Include="NiCloneProcess.h">
      <Filter>Header Files</Filter>
    </ClInclude>
    <ClInclude Include="SmoothMovementVR.h">
      <Filter>Header Files</Filter>
    </ClInclude>
    <ClInclude Include="MenuChecker.h">
      <Filter>Header Files</Filter>
    </ClInclude>
    <ClInclude Include="BSFlattenedBoneTree.h">
      <Filter>Header Files</Filter>
    </ClInclude>
    <ClInclude Include="HandPose.h">
      <Filter>Header Files</Filter>
    </ClInclude>
    <ClInclude Include="patches.h">
      <Filter>Header Files</Filter>
    </ClInclude>
    <ClInclude Include="MuzzleFlash.h">
      <Filter>Header Files</Filter>
    </ClInclude>
    <ClInclude Include="Menu.h">
      <Filter>Header Files</Filter>
    </ClInclude>
    <ClInclude Include="VR.h">
      <Filter>Header Files</Filter>
    </ClInclude>
    <ClInclude Include="GunReload.h">
      <Filter>Header Files</Filter>
    </ClInclude>
    <ClInclude Include="Offsets.h">
      <Filter>Header Files</Filter>
    </ClInclude>
    <ClInclude Include="MiscStructs.h">
      <Filter>Header Files</Filter>
    </ClInclude>
    <ClInclude Include="Pipboy.h">
      <Filter>Header Files</Filter>
    </ClInclude>
    <ClInclude Include="Config.h">
      <Filter>Header Files</Filter>
    </ClInclude>
    <ClInclude Include="ConfigurationMode.h">
      <Filter>Header Files</Filter>
    </ClInclude>
    <ClInclude Include="Debug.h">
      <Filter>Header Files</Filter>
    </ClInclude>
    <ClInclude Include="resource.h">
      <Filter>Resource Files</Filter>
    </ClInclude>
    <ClInclude Include="api\VRManagerAPI.h">
      <Filter>Include Files</Filter>
    </ClInclude>
    <ClInclude Include="api\VRHookAPI.h">
      <Filter>Include Files</Filter>
    </ClInclude>
    <ClInclude Include="api\openvr.h">
      <Filter>Include Files</Filter>
    </ClInclude>
    <ClInclude Include="api\openvr_capi.h">
      <Filter>Include Files</Filter>
    </ClInclude>
    <ClInclude Include="api\openvr_driver.h">
      <Filter>Include Files</Filter>
    </ClInclude>
    <ClInclude Include="api\OpenVRTypes.h">
      <Filter>Include Files</Filter>
    </ClInclude>
    <ClInclude Include="api\PapyrusVRAPI.h">
      <Filter>Include Files</Filter>
    </ClInclude>
    <ClInclude Include="api\PapyrusVRTypes.h">
      <Filter>Include Files</Filter>
    </ClInclude>
    <ClInclude Include="include\json.hpp">
      <Filter>Include Files</Filter>
    </ClInclude>
    <ClInclude Include="include\version.h">
      <Filter>Include Files</Filter>
    </ClInclude>
    <ClInclude Include="include\SimpleIni.h">
      <Filter>Include Files</Filter>
    </ClInclude>
    <ClInclude Include="CullGeometryHandler.h">
      <Filter>Header Files</Filter>
    </ClInclude>
  </ItemGroup>
  <ItemGroup>
    <None Include="exports.def">
      <Filter>Source Files</Filter>
    </None>
    <None Include="data\FRIK.ini">
      <Filter>Resource Files</Filter>
    </None>
    <None Include="data\mesh_hide_face.ini">
      <Filter>Resource Files</Filter>
    </None>
    <None Include="data\mesh_hide_skins.ini">
      <Filter>Resource Files</Filter>
    </None>
    <None Include="data\mesh_hide_slots.ini">
      <Filter>Resource Files</Filter>
    </None>
    <None Include="data\pipboy_screen_offsets.json">
      <Filter>Resource Files</Filter>
    </None>
    <None Include="data\pipboy_holo_offsets.json">
      <Filter>Resource Files</Filter>
    </None>
  </ItemGroup>
  <ItemGroup>
    <ResourceCompile Include="resource.rc">
      <Filter>Resource Files</Filter>
    </ResourceCompile>
  </ItemGroup>
</Project>