<?xml version="1.0" encoding="utf-8"?>
<Project ToolsVersion="4.0" xmlns="http://schemas.microsoft.com/developer/msbuild/2003">
  <ItemGroup>
    <Filter Include="Source Files">
      <UniqueIdentifier>{4FC737F1-C7A5-4376-A066-2A32D752A2FF}</UniqueIdentifier>
      <Extensions>cpp;c;cc;cxx;c++;def;odl;idl;hpj;bat;asm;asmx</Extensions>
    </Filter>
    <Filter Include="Header Files">
      <UniqueIdentifier>{93995380-89BD-4b04-88EB-625FBE52EBFB}</UniqueIdentifier>
      <Extensions>h;hh;hpp;hxx;h++;hm;inl;inc;ipp;xsd</Extensions>
    </Filter>
    <Filter Include="Resource Files">
      <UniqueIdentifier>{67DA6AB6-F800-4c08-8B7A-83BB121AAD01}</UniqueIdentifier>
      <Extensions>rc;ico;cur;bmp;dlg;rc2;rct;bin;rgs;gif;jpg;jpeg;jpe;resx;tiff;tif;png;wav;mfcribbon-ms</Extensions>
    </Filter>
    <Filter Include="Include Files">
      <UniqueIdentifier>{1a15371c-de19-4a5e-b282-4c9342d80cdd}</UniqueIdentifier>
    </Filter>
    <Filter Include="UI">
      <UniqueIdentifier>{c287477d-2641-4ea1-b5c6-5e8d45fc15e4}</UniqueIdentifier>
    </Filter>
  </ItemGroup>
  <ItemGroup>
    <ClCompile Include="src\BoneSpheresHandler.cpp">
      <Filter>Source Files</Filter>
    </ClCompile>
    <ClCompile Include="src\common\CommonUtils.cpp">
      <Filter>Source Files</Filter>
    </ClCompile>
    <ClCompile Include="src\Config.cpp">
      <Filter>Source Files</Filter>
    </ClCompile>
    <ClCompile Include="src\ConfigurationMode.cpp">
      <Filter>Source Files</Filter>
    </ClCompile>
    <ClCompile Include="src\CullGeometryHandler.cpp">
      <Filter>Source Files</Filter>
    </ClCompile>
    <ClCompile Include="src\Debug.cpp">
      <Filter>Source Files</Filter>
    </ClCompile>
    <ClCompile Include="src\FRIK.cpp">
      <Filter>Source Files</Filter>
    </ClCompile>
    <ClCompile Include="src\f4vr\F4VRUtils.cpp">
      <Filter>Source Files</Filter>
    </ClCompile>
    <ClCompile Include="src\GunReload.cpp">
      <Filter>Source Files</Filter>
    </ClCompile>
    <ClCompile Include="src\HandPose.cpp">
      <Filter>Source Files</Filter>
    </ClCompile>
    <ClCompile Include="src\hook.cpp">
      <Filter>Source Files</Filter>
    </ClCompile>
    <ClCompile Include="src\ui\UIToggleGroupContainer.cpp">
      <Filter>Source Files</Filter>
    </ClCompile>
    <ClCompile Include="src\ui\UIButton.cpp">
      <Filter>Source Files</Filter>
    </ClCompile>
    <ClCompile Include="src\main.cpp">
      <Filter>Source Files</Filter>
    </ClCompile>
    <ClCompile Include="src\patches.cpp">
      <Filter>Source Files</Filter>
    </ClCompile>
    <ClCompile Include="src\Pipboy.cpp">
      <Filter>Source Files</Filter>
    </ClCompile>
    <ClCompile Include="src\Skeleton.cpp">
      <Filter>Source Files</Filter>
    </ClCompile>
    <ClCompile Include="src\SmoothMovementVR.cpp">
      <Filter>Source Files</Filter>
    </ClCompile>
    <ClCompile Include="src\ui\UIToggleButton.cpp">
      <Filter>Source Files</Filter>
    </ClCompile>
    <ClCompile Include="src\ui\UIDebugWidget.cpp">
      <Filter>Source Files</Filter>
    </ClCompile>
    <ClCompile Include="src\ui\UIContainer.cpp">
      <Filter>Source Files</Filter>
    </ClCompile>
    <ClCompile Include="src\ui\UIElement.cpp">
      <Filter>Source Files</Filter>
    </ClCompile>
    <ClCompile Include="src\ui\UIManager.cpp">
      <Filter>Source Files</Filter>
    </ClCompile>
    <ClCompile Include="src\ui\UIWidget.cpp">
      <Filter>Source Files</Filter>
    </ClCompile>
    <ClCompile Include="src\ui\UIUtils.cpp">
      <Filter>Source Files</Filter>
    </ClCompile>
    <ClCompile Include="src\utils.cpp">
      <Filter>Source Files</Filter>
    </ClCompile>
    <ClCompile Include="src\WeaponPositionConfigMode.cpp">
      <Filter>Source Files</Filter>
    </ClCompile>
    <ClCompile Include="src\WeaponPositionAdjuster.cpp">
      <Filter>Source Files</Filter>
    </ClCompile>
    <ClCompile Include="src\PapyrusApi.h">
      <Filter>Source Files</Filter>
    </ClCompile>
  </ItemGroup>
  <ItemGroup>
    <ClInclude Include="src\common\Logger.h">
      <Filter>Header Files</Filter>
    </ClInclude>
    <ClInclude Include="src\api\openvr.h">
      <Filter>Header Files</Filter>
    </ClInclude>
    <ClInclude Include="src\api\OpenVRTypes.h">
      <Filter>Header Files</Filter>
    </ClInclude>
    <ClInclude Include="src\api\openvr_capi.h">
      <Filter>Header Files</Filter>
    </ClInclude>
    <ClInclude Include="src\api\openvr_driver.h">
      <Filter>Header Files</Filter>
    </ClInclude>
    <ClInclude Include="src\api\PapyrusVRTypes.h">
      <Filter>Header Files</Filter>
    </ClInclude>
    <ClInclude Include="src\api\VRManagerAPI.h">
      <Filter>Header Files</Filter>
    </ClInclude>
    <ClInclude Include="src\BoneSpheresHandler.h">
      <Filter>Header Files</Filter>
    </ClInclude>
    <ClInclude Include="src\f4vr\BSFlattenedBoneTree.h">
      <Filter>Header Files</Filter>
    </ClInclude>
    <ClInclude Include="src\common\BSTSmartPointer.h">
      <Filter>Header Files</Filter>
    </ClInclude>
    <ClInclude Include="src\common\CommonUtils.h">
      <Filter>Header Files</Filter>
    </ClInclude>
    <ClInclude Include="src\Config.h">
      <Filter>Header Files</Filter>
    </ClInclude>
    <ClInclude Include="src\ConfigurationMode.h">
      <Filter>Header Files</Filter>
    </ClInclude>
    <ClInclude Include="src\CullGeometryHandler.h">
      <Filter>Header Files</Filter>
    </ClInclude>
    <ClInclude Include="src\Debug.h">
      <Filter>Header Files</Filter>
    </ClInclude>
    <ClInclude Include="src\FRIK.h">
      <Filter>Header Files</Filter>
    </ClInclude>
    <ClInclude Include="src\f4vr\F4VRUtils.h">
      <Filter>Header Files</Filter>
    </ClInclude>
    <ClInclude Include="src\f4vr\PlayerNodes.h">
      <Filter>Header Files</Filter>
    </ClInclude>
    <ClInclude Include="src\GunReload.h">
      <Filter>Header Files</Filter>
    </ClInclude>
    <ClInclude Include="src\HandPose.h">
      <Filter>Header Files</Filter>
    </ClInclude>
    <ClInclude Include="src\hook.h">
      <Filter>Header Files</Filter>
    </ClInclude>
    <ClInclude Include="src\include\json.hpp">
      <Filter>Header Files</Filter>
    </ClInclude>
    <ClInclude Include="src\include\SimpleIni.h">
      <Filter>Header Files</Filter>
    </ClInclude>
    <ClInclude Include="src\version.h">
      <Filter>Header Files</Filter>
    </ClInclude>
    <ClInclude Include="src\ui\UIModAdapter.h">
      <Filter>Header Files</Filter>
    </ClInclude>
    <ClInclude Include="src\ui\UIToggleGroupContainer.h">
      <Filter>Header Files</Filter>
    </ClInclude>
    <ClInclude Include="src\ui\UIButton.h">
      <Filter>Header Files</Filter>
    </ClInclude>
    <ClInclude Include="src\common\Matrix.h">
      <Filter>Header Files</Filter>
    </ClInclude>
    <ClInclude Include="src\f4vr\MiscStructs.h">
      <Filter>Header Files</Filter>
    </ClInclude>
    <ClInclude Include="src\f4vr\F4VROffsets.h">
      <Filter>Header Files</Filter>
    </ClInclude>
    <ClInclude Include="src\patches.h">
      <Filter>Header Files</Filter>
    </ClInclude>
    <ClInclude Include="src\Pipboy.h">
      <Filter>Header Files</Filter>
    </ClInclude>
    <ClInclude Include="src\res\resource.h">
      <Filter>Header Files</Filter>
    </ClInclude>
    <ClInclude Include="src\Skeleton.h">
      <Filter>Header Files</Filter>
    </ClInclude>
    <ClInclude Include="src\SmoothMovementVR.h">
      <Filter>Header Files</Filter>
    </ClInclude>
    <ClInclude Include="src\ui\UIToggleButton.h">
      <Filter>Header Files</Filter>
    </ClInclude>
    <ClInclude Include="src\ui\UIDebugWidget.h">
      <Filter>Header Files</Filter>
    </ClInclude>
    <ClInclude Include="src\ui\UIContainer.h">
      <Filter>Header Files</Filter>
    </ClInclude>
    <ClInclude Include="src\ui\UIElement.h">
      <Filter>Header Files</Filter>
    </ClInclude>
    <ClInclude Include="src\ui\UIManager.h">
      <Filter>Header Files</Filter>
    </ClInclude>
    <ClInclude Include="src\ui\UIWidget.h">
      <Filter>Header Files</Filter>
    </ClInclude>
    <ClInclude Include="src\ui\UIUtils.h">
      <Filter>Header Files</Filter>
    </ClInclude>
    <ClInclude Include="src\utils.h">
      <Filter>Header Files</Filter>
    </ClInclude>
    <ClInclude Include="src\WeaponPositionConfigMode.h">
      <Filter>Header Files</Filter>
    </ClInclude>
    <ClInclude Include="src\WeaponPositionAdjuster.h">
      <Filter>Header Files</Filter>
    </ClInclude>
    <ClInclude Include="src\common\ConfigBase.h">
      <Filter>Header Files</Filter>
    </ClInclude>
    <ClInclude Include="src\include\FileWatch.hpp">
      <Filter>Header Files</Filter>
    </ClInclude>
    <ClInclude Include="src\f4vr\VRControllersManager.h">
      <Filter>Header Files</Filter>
    </ClInclude>
    <ClInclude Include="src\f4vr\GameMenusHandler.h">
      <Filter>Header Files</Filter>
    </ClInclude>
    <ClInclude Include="src\f4vr\F4VRPapyrusGateway.h">
      <Filter>Header Files</Filter>
    </ClInclude>
  </ItemGroup>
  <ItemGroup>
    <None Include="exports.def">
      <Filter>Source Files</Filter>
    </None>
    <None Include="data\config\mesh_hide_face.ini">
      <Filter>Resource Files</Filter>
    </None>
    <None Include="data\config\mesh_hide_skins.ini">
      <Filter>Resource Files</Filter>
    </None>
    <None Include="data\config\mesh_hide_slots.ini">
      <Filter>Resource Files</Filter>
    </None>
    <None Include="data\config\pipboy_holo_offsets.json">
      <Filter>Resource Files</Filter>
    </None>
    <None Include="data\config\pipboy_screen_offsets.json">
      <Filter>Resource Files</Filter>
    </None>
    <None Include="data\config\FRIK.ini">
      <Filter>Resource Files</Filter>
    </None>
    <None Include="src\exports.def">
      <Filter>Source Files</Filter>
    </None>
  </ItemGroup>
  <ItemGroup>
    <ResourceCompile Include="src\res\resource.rc">
      <Filter>Resource Files</Filter>
    </ResourceCompile>
  </ItemGroup>
</Project>